
Microsoft Visual Studio Solution File, Format Version 12.00
# Visual Studio Version 16
VisualStudioVersion = 16.0.30517.126
MinimumVisualStudioVersion = 10.0.40219.1
Project("{FAE04EC0-301F-11D3-BF4B-00C04F79EFBC}") = "ArithmeticCoding", "ArithmeticCoding\ArithmeticCoding.csproj", "{8F393132-AD6D-42C8-A155-F9B4A78C2AD7}"
EndProject
Project("{FAE04EC0-301F-11D3-BF4B-00C04F79EFBC}") = "LZWCoding", "..\LZWCoding\LZWCoding.csproj", "{C27253D5-D850-4685-9281-44D5DFEA35EC}"
EndProject
Project("{FAE04EC0-301F-11D3-BF4B-00C04F79EFBC}") = "Metrics", "Metrics\Metrics.csproj", "{D2CF3073-163A-4746-BBF2-413F1C37D31F}"
EndProject
Global
	GlobalSection(SolutionConfigurationPlatforms) = preSolution
		Debug|Any CPU = Debug|Any CPU
		Release|Any CPU = Release|Any CPU
	EndGlobalSection
	GlobalSection(ProjectConfigurationPlatforms) = postSolution
		{8F393132-AD6D-42C8-A155-F9B4A78C2AD7}.Debug|Any CPU.ActiveCfg = Debug|Any CPU
		{8F393132-AD6D-42C8-A155-F9B4A78C2AD7}.Debug|Any CPU.Build.0 = Debug|Any CPU
		{8F393132-AD6D-42C8-A155-F9B4A78C2AD7}.Release|Any CPU.ActiveCfg = Release|Any CPU
		{8F393132-AD6D-42C8-A155-F9B4A78C2AD7}.Release|Any CPU.Build.0 = Release|Any CPU
		{C27253D5-D850-4685-9281-44D5DFEA35EC}.Debug|Any CPU.ActiveCfg = Debug|Any CPU
		{C27253D5-D850-4685-9281-44D5DFEA35EC}.Debug|Any CPU.Build.0 = Debug|Any CPU
		{C27253D5-D850-4685-9281-44D5DFEA35EC}.Release|Any CPU.ActiveCfg = Release|Any CPU
		{C27253D5-D850-4685-9281-44D5DFEA35EC}.Release|Any CPU.Build.0 = Release|Any CPU
		{D2CF3073-163A-4746-BBF2-413F1C37D31F}.Debug|Any CPU.ActiveCfg = Debug|Any CPU
		{D2CF3073-163A-4746-BBF2-413F1C37D31F}.Debug|Any CPU.Build.0 = Debug|Any CPU
		{D2CF3073-163A-4746-BBF2-413F1C37D31F}.Release|Any CPU.ActiveCfg = Release|Any CPU
		{D2CF3073-163A-4746-BBF2-413F1C37D31F}.Release|Any CPU.Build.0 = Release|Any CPU
	EndGlobalSection
	GlobalSection(SolutionProperties) = preSolution
		HideSolutionNode = FALSE
	EndGlobalSection
	GlobalSection(ExtensibilityGlobals) = postSolution
		SolutionGuid = {8DA1199D-28B1-4D95-A5D6-60F5EB1446B7}
	EndGlobalSection
EndGlobal
